// !$*UTF8*$!
{
	archiveVersion = 1;
	classes = {
	};
	objectVersion = 77;
	objects = {

/* Begin PBXBuildFile section */
		CB5DE3932EBDCC160056928E /* Astrid.appex in Embed Foundation Extensions */ = {isa = PBXBuildFile; fileRef = CB5DE3892EBDCC150056928E /* Astrid.appex */; settings = {ATTRIBUTES = (RemoveHeadersOnCopy, ); }; };
		CB8D79F02EE5D10D008AD96F /* PostHog in Frameworks */ = {isa = PBXBuildFile; productRef = CB8D79EF2EE5D10D008AD96F /* PostHog */; };
		CBB1360B2EAB284400D41E86 /* AstridApp.swift in Sources */ = {isa = PBXBuildFile; fileRef = CBB1360A2EAB284400D41E86 /* AstridApp.swift */; };
		DCA6E9C682DE48EF8A1490EC /* AstridApp.xcdatamodeld in Sources */ = {isa = PBXBuildFile; fileRef = 234F2E7A9036495089832F1E /* AstridApp.xcdatamodeld */; };
/* End PBXBuildFile section */

/* Begin PBXContainerItemProxy section */
		CB5DE3912EBDCC160056928E /* PBXContainerItemProxy */ = {
			isa = PBXContainerItemProxy;
			containerPortal = CBB1357C2EAB27CD00D41E86 /* Project object */;
			proxyType = 1;
			remoteGlobalIDString = CB5DE3882EBDCC150056928E;
			remoteInfo = Astrid;
		};
		CBB135922EAB27CE00D41E86 /* PBXContainerItemProxy */ = {
			isa = PBXContainerItemProxy;
			containerPortal = CBB1357C2EAB27CD00D41E86 /* Project object */;
			proxyType = 1;
			remoteGlobalIDString = CBB135832EAB27CD00D41E86;
			remoteInfo = "Astrid App";
		};
		CBB1359C2EAB27CE00D41E86 /* PBXContainerItemProxy */ = {
			isa = PBXContainerItemProxy;
			containerPortal = CBB1357C2EAB27CD00D41E86 /* Project object */;
			proxyType = 1;
			remoteGlobalIDString = CBB135832EAB27CD00D41E86;
			remoteInfo = "Astrid App";
		};
/* End PBXContainerItemProxy section */

/* Begin PBXCopyFilesBuildPhase section */
		CB5DE3982EBDCC160056928E /* Embed Foundation Extensions */ = {
			isa = PBXCopyFilesBuildPhase;
			buildActionMask = 2147483647;
			dstPath = "";
			dstSubfolderSpec = 13;
			files = (
				CB5DE3932EBDCC160056928E /* Astrid.appex in Embed Foundation Extensions */,
			);
			name = "Embed Foundation Extensions";
			runOnlyForDeploymentPostprocessing = 0;
		};
/* End PBXCopyFilesBuildPhase section */

/* Begin PBXFileReference section */
		283B1791C98D43E490D42903 /* AstridApp.xcdatamodel */ = {isa = PBXFileReference; lastKnownFileType = wrapper.xcdatamodel; path = AstridApp.xcdatamodel; sourceTree = "<group>"; };
		CB5DE3892EBDCC150056928E /* Astrid.appex */ = {isa = PBXFileReference; explicitFileType = "wrapper.app-extension"; includeInIndex = 0; path = Astrid.appex; sourceTree = BUILT_PRODUCTS_DIR; };
		CBB135842EAB27CD00D41E86 /* Astrid App.app */ = {isa = PBXFileReference; explicitFileType = wrapper.application; includeInIndex = 0; path = "Astrid App.app"; sourceTree = BUILT_PRODUCTS_DIR; };
		CBB135912EAB27CE00D41E86 /* Astrid AppTests.xctest */ = {isa = PBXFileReference; explicitFileType = wrapper.cfbundle; includeInIndex = 0; path = "Astrid AppTests.xctest"; sourceTree = BUILT_PRODUCTS_DIR; };
		CBB1359B2EAB27CE00D41E86 /* Astrid AppUITests.xctest */ = {isa = PBXFileReference; explicitFileType = wrapper.cfbundle; includeInIndex = 0; path = "Astrid AppUITests.xctest"; sourceTree = BUILT_PRODUCTS_DIR; };
		CBB1360A2EAB284400D41E86 /* AstridApp.swift */ = {isa = PBXFileReference; lastKnownFileType = sourcecode.swift; path = AstridApp.swift; sourceTree = "<group>"; };
/* End PBXFileReference section */

/* Begin PBXFileSystemSynchronizedBuildFileExceptionSet section */
		CB5DE3942EBDCC160056928E /* Exceptions for "Astrid" folder in "Astrid" target */ = {
			isa = PBXFileSystemSynchronizedBuildFileExceptionSet;
			membershipExceptions = (
				Info.plist,
			);
			target = CB5DE3882EBDCC150056928E /* Astrid */;
		};
/* End PBXFileSystemSynchronizedBuildFileExceptionSet section */

/* Begin PBXFileSystemSynchronizedRootGroup section */
		CB5DE38A2EBDCC150056928E /* Astrid */ = {
			isa = PBXFileSystemSynchronizedRootGroup;
			exceptions = (
				CB5DE3942EBDCC160056928E /* Exceptions for "Astrid" folder in "Astrid" target */,
			);
			path = Astrid;
			sourceTree = "<group>";
		};
		CBB135862EAB27CD00D41E86 /* Astrid App */ = {
			isa = PBXFileSystemSynchronizedRootGroup;
			path = "Astrid App";
			sourceTree = "<group>";
		};
		CBB135942EAB27CE00D41E86 /* Astrid AppTests */ = {
			isa = PBXFileSystemSynchronizedRootGroup;
			path = "Astrid AppTests";
			sourceTree = "<group>";
		};
		CBB1359E2EAB27CE00D41E86 /* Astrid AppUITests */ = {
			isa = PBXFileSystemSynchronizedRootGroup;
			path = "Astrid AppUITests";
			sourceTree = "<group>";
		};
/* End PBXFileSystemSynchronizedRootGroup section */

/* Begin PBXFrameworksBuildPhase section */
		CB5DE3862EBDCC150056928E /* Frameworks */ = {
			isa = PBXFrameworksBuildPhase;
			buildActionMask = 2147483647;
			files = (
			);
			runOnlyForDeploymentPostprocessing = 0;
		};
		CBB135812EAB27CD00D41E86 /* Frameworks */ = {
			isa = PBXFrameworksBuildPhase;
			buildActionMask = 2147483647;
			files = (
				CB8D79F02EE5D10D008AD96F /* PostHog in Frameworks */,
			);
			runOnlyForDeploymentPostprocessing = 0;
		};
		CBB1358E2EAB27CE00D41E86 /* Frameworks */ = {
			isa = PBXFrameworksBuildPhase;
			buildActionMask = 2147483647;
			files = (
			);
			runOnlyForDeploymentPostprocessing = 0;
		};
		CBB135982EAB27CE00D41E86 /* Frameworks */ = {
			isa = PBXFrameworksBuildPhase;
			buildActionMask = 2147483647;
			files = (
			);
			runOnlyForDeploymentPostprocessing = 0;
		};
/* End PBXFrameworksBuildPhase section */

/* Begin PBXGroup section */
		CBB1357B2EAB27CD00D41E86 = {
			isa = PBXGroup;
			children = (
				234F2E7A9036495089832F1E /* AstridApp.xcdatamodeld */,
				CBB135862EAB27CD00D41E86 /* Astrid App */,
				CBB135942EAB27CE00D41E86 /* Astrid AppTests */,
				CBB1359E2EAB27CE00D41E86 /* Astrid AppUITests */,
				CB5DE38A2EBDCC150056928E /* Astrid */,
				CBB135852EAB27CD00D41E86 /* Products */,
				CBB1360A2EAB284400D41E86 /* AstridApp.swift */,
			);
			sourceTree = "<group>";
		};
		CBB135852EAB27CD00D41E86 /* Products */ = {
			isa = PBXGroup;
			children = (
				CBB135842EAB27CD00D41E86 /* Astrid App.app */,
				CBB135912EAB27CE00D41E86 /* Astrid AppTests.xctest */,
				CBB1359B2EAB27CE00D41E86 /* Astrid AppUITests.xctest */,
				CB5DE3892EBDCC150056928E /* Astrid.appex */,
			);
			name = Products;
			sourceTree = "<group>";
		};
/* End PBXGroup section */

/* Begin PBXNativeTarget section */
		CB5DE3882EBDCC150056928E /* Astrid */ = {
			isa = PBXNativeTarget;
			buildConfigurationList = CB5DE3952EBDCC160056928E /* Build configuration list for PBXNativeTarget "Astrid" */;
			buildPhases = (
				CB5DE3852EBDCC150056928E /* Sources */,
				CB5DE3862EBDCC150056928E /* Frameworks */,
				CB5DE3872EBDCC150056928E /* Resources */,
			);
			buildRules = (
			);
			dependencies = (
			);
			fileSystemSynchronizedGroups = (
				CB5DE38A2EBDCC150056928E /* Astrid */,
			);
			name = Astrid;
			packageProductDependencies = (
			);
			productName = Astrid;
			productReference = CB5DE3892EBDCC150056928E /* Astrid.appex */;
			productType = "com.apple.product-type.app-extension";
		};
		CBB135832EAB27CD00D41E86 /* Astrid App */ = {
			isa = PBXNativeTarget;
			buildConfigurationList = CBB135A52EAB27CE00D41E86 /* Build configuration list for PBXNativeTarget "Astrid App" */;
			buildPhases = (
				CBB135802EAB27CD00D41E86 /* Sources */,
				CBB135812EAB27CD00D41E86 /* Frameworks */,
				CBB135822EAB27CD00D41E86 /* Resources */,
				CB5DE3982EBDCC160056928E /* Embed Foundation Extensions */,
			);
			buildRules = (
			);
			dependencies = (
				CB5DE3922EBDCC160056928E /* PBXTargetDependency */,
			);
			fileSystemSynchronizedGroups = (
				CBB135862EAB27CD00D41E86 /* Astrid App */,
			);
			name = "Astrid App";
			packageProductDependencies = (
				CB8D79EF2EE5D10D008AD96F /* PostHog */,
			);
			productName = "Astrid App";
			productReference = CBB135842EAB27CD00D41E86 /* Astrid App.app */;
			productType = "com.apple.product-type.application";
		};
		CBB135902EAB27CE00D41E86 /* Astrid AppTests */ = {
			isa = PBXNativeTarget;
			buildConfigurationList = CBB135A82EAB27CE00D41E86 /* Build configuration list for PBXNativeTarget "Astrid AppTests" */;
			buildPhases = (
				CBB1358D2EAB27CE00D41E86 /* Sources */,
				CBB1358E2EAB27CE00D41E86 /* Frameworks */,
				CBB1358F2EAB27CE00D41E86 /* Resources */,
			);
			buildRules = (
			);
			dependencies = (
				CBB135932EAB27CE00D41E86 /* PBXTargetDependency */,
			);
			fileSystemSynchronizedGroups = (
				CBB135942EAB27CE00D41E86 /* Astrid AppTests */,
			);
			name = "Astrid AppTests";
			packageProductDependencies = (
			);
			productName = "Astrid AppTests";
			productReference = CBB135912EAB27CE00D41E86 /* Astrid AppTests.xctest */;
			productType = "com.apple.product-type.bundle.unit-test";
		};
		CBB1359A2EAB27CE00D41E86 /* Astrid AppUITests */ = {
			isa = PBXNativeTarget;
			buildConfigurationList = CBB135AB2EAB27CE00D41E86 /* Build configuration list for PBXNativeTarget "Astrid AppUITests" */;
			buildPhases = (
				CBB135972EAB27CE00D41E86 /* Sources */,
				CBB135982EAB27CE00D41E86 /* Frameworks */,
				CBB135992EAB27CE00D41E86 /* Resources */,
			);
			buildRules = (
			);
			dependencies = (
				CBB1359D2EAB27CE00D41E86 /* PBXTargetDependency */,
			);
			fileSystemSynchronizedGroups = (
				CBB1359E2EAB27CE00D41E86 /* Astrid AppUITests */,
			);
			name = "Astrid AppUITests";
			packageProductDependencies = (
			);
			productName = "Astrid AppUITests";
			productReference = CBB1359B2EAB27CE00D41E86 /* Astrid AppUITests.xctest */;
			productType = "com.apple.product-type.bundle.ui-testing";
		};
/* End PBXNativeTarget section */

/* Begin PBXProject section */
		CBB1357C2EAB27CD00D41E86 /* Project object */ = {
			isa = PBXProject;
			attributes = {
				BuildIndependentTargetsInParallel = 1;
				LastSwiftUpdateCheck = 2600;
				LastUpgradeCheck = 2620;
				TargetAttributes = {
					CB5DE3882EBDCC150056928E = {
						CreatedOnToolsVersion = 26.0.1;
					};
					CBB135832EAB27CD00D41E86 = {
						CreatedOnToolsVersion = 26.0.1;
					};
					CBB135902EAB27CE00D41E86 = {
						CreatedOnToolsVersion = 26.0.1;
						TestTargetID = CBB135832EAB27CD00D41E86;
					};
					CBB1359A2EAB27CE00D41E86 = {
						CreatedOnToolsVersion = 26.0.1;
						TestTargetID = CBB135832EAB27CD00D41E86;
					};
				};
			};
			buildConfigurationList = CBB1357F2EAB27CD00D41E86 /* Build configuration list for PBXProject "Astrid App" */;
			developmentRegion = en;
			hasScannedForEncodings = 0;
			knownRegions = (
				en,
				Base,
				es,
				fr,
				it,
				"zh-Hant",
				ru,
				"zh-Hans",
				nl,
				de,
				ko,
				ja,
				pt,
			);
			mainGroup = CBB1357B2EAB27CD00D41E86;
			minimizedProjectReferenceProxies = 1;
			packageReferences = (
				CB8D79EE2EE5D10D008AD96F /* XCRemoteSwiftPackageReference "posthog-ios" */,
			);
			preferredProjectObjectVersion = 77;
			productRefGroup = CBB135852EAB27CD00D41E86 /* Products */;
			projectDirPath = "";
			projectRoot = "";
			targets = (
				CBB135832EAB27CD00D41E86 /* Astrid App */,
				CBB135902EAB27CE00D41E86 /* Astrid AppTests */,
				CBB1359A2EAB27CE00D41E86 /* Astrid AppUITests */,
				CB5DE3882EBDCC150056928E /* Astrid */,
			);
		};
/* End PBXProject section */

/* Begin PBXResourcesBuildPhase section */
		CB5DE3872EBDCC150056928E /* Resources */ = {
			isa = PBXResourcesBuildPhase;
			buildActionMask = 2147483647;
			files = (
			);
			runOnlyForDeploymentPostprocessing = 0;
		};
		CBB135822EAB27CD00D41E86 /* Resources */ = {
			isa = PBXResourcesBuildPhase;
			buildActionMask = 2147483647;
			files = (
			);
			runOnlyForDeploymentPostprocessing = 0;
		};
		CBB1358F2EAB27CE00D41E86 /* Resources */ = {
			isa = PBXResourcesBuildPhase;
			buildActionMask = 2147483647;
			files = (
			);
			runOnlyForDeploymentPostprocessing = 0;
		};
		CBB135992EAB27CE00D41E86 /* Resources */ = {
			isa = PBXResourcesBuildPhase;
			buildActionMask = 2147483647;
			files = (
			);
			runOnlyForDeploymentPostprocessing = 0;
		};
/* End PBXResourcesBuildPhase section */

/* Begin PBXSourcesBuildPhase section */
		CB5DE3852EBDCC150056928E /* Sources */ = {
			isa = PBXSourcesBuildPhase;
			buildActionMask = 2147483647;
			files = (
			);
			runOnlyForDeploymentPostprocessing = 0;
		};
		CBB135802EAB27CD00D41E86 /* Sources */ = {
			isa = PBXSourcesBuildPhase;
			buildActionMask = 2147483647;
			files = (
				DCA6E9C682DE48EF8A1490EC /* AstridApp.xcdatamodeld in Sources */,
				CBB1360B2EAB284400D41E86 /* AstridApp.swift in Sources */,
			);
			runOnlyForDeploymentPostprocessing = 0;
		};
		CBB1358D2EAB27CE00D41E86 /* Sources */ = {
			isa = PBXSourcesBuildPhase;
			buildActionMask = 2147483647;
			files = (
			);
			runOnlyForDeploymentPostprocessing = 0;
		};
		CBB135972EAB27CE00D41E86 /* Sources */ = {
			isa = PBXSourcesBuildPhase;
			buildActionMask = 2147483647;
			files = (
			);
			runOnlyForDeploymentPostprocessing = 0;
		};
/* End PBXSourcesBuildPhase section */

/* Begin PBXTargetDependency section */
		CB5DE3922EBDCC160056928E /* PBXTargetDependency */ = {
			isa = PBXTargetDependency;
			target = CB5DE3882EBDCC150056928E /* Astrid */;
			targetProxy = CB5DE3912EBDCC160056928E /* PBXContainerItemProxy */;
		};
		CBB135932EAB27CE00D41E86 /* PBXTargetDependency */ = {
			isa = PBXTargetDependency;
			target = CBB135832EAB27CD00D41E86 /* Astrid App */;
			targetProxy = CBB135922EAB27CE00D41E86 /* PBXContainerItemProxy */;
		};
		CBB1359D2EAB27CE00D41E86 /* PBXTargetDependency */ = {
			isa = PBXTargetDependency;
			target = CBB135832EAB27CD00D41E86 /* Astrid App */;
			targetProxy = CBB1359C2EAB27CE00D41E86 /* PBXContainerItemProxy */;
		};
/* End PBXTargetDependency section */

/* Begin XCBuildConfiguration section */
		CB5DE3962EBDCC160056928E /* Debug */ = {
			isa = XCBuildConfiguration;
			buildSettings = {
				CODE_SIGN_STYLE = Automatic;
				CURRENT_PROJECT_VERSION = 51;
				DEVELOPMENT_TEAM = 34K3P7PD2W;
				GENERATE_INFOPLIST_FILE = YES;
				INFOPLIST_FILE = Astrid/Info.plist;
				INFOPLIST_KEY_CFBundleDisplayName = Astrid;
				INFOPLIST_KEY_NSHumanReadableCopyright = "";
				LD_RUNPATH_SEARCH_PATHS = (
					"$(inherited)",
					"@executable_path/Frameworks",
					"@executable_path/../../Frameworks",
				);
				MARKETING_VERSION = 1.3.0;
				PRODUCT_BUNDLE_IDENTIFIER = "Graceful-Tools-Inc.Astrid-App.Astrid";
				PRODUCT_NAME = "$(TARGET_NAME)";
				SKIP_INSTALL = YES;
				STRING_CATALOG_GENERATE_SYMBOLS = YES;
				SWIFT_APPROACHABLE_CONCURRENCY = YES;
				SWIFT_EMIT_LOC_STRINGS = YES;
				SWIFT_UPCOMING_FEATURE_MEMBER_IMPORT_VISIBILITY = YES;
				SWIFT_VERSION = 5.0;
				TARGETED_DEVICE_FAMILY = "1,2";
			};
			name = Debug;
		};
		CB5DE3972EBDCC160056928E /* Release */ = {
			isa = XCBuildConfiguration;
			buildSettings = {
				CODE_SIGN_STYLE = Automatic;
				CURRENT_PROJECT_VERSION = 51;
				DEVELOPMENT_TEAM = 34K3P7PD2W;
				GENERATE_INFOPLIST_FILE = YES;
				INFOPLIST_FILE = Astrid/Info.plist;
				INFOPLIST_KEY_CFBundleDisplayName = Astrid;
				INFOPLIST_KEY_NSHumanReadableCopyright = "";
				LD_RUNPATH_SEARCH_PATHS = (
					"$(inherited)",
					"@executable_path/Frameworks",
					"@executable_path/../../Frameworks",
				);
				MARKETING_VERSION = 1.3.0;
				PRODUCT_BUNDLE_IDENTIFIER = "Graceful-Tools-Inc.Astrid-App.Astrid";
				PRODUCT_NAME = "$(TARGET_NAME)";
				SKIP_INSTALL = YES;
				STRING_CATALOG_GENERATE_SYMBOLS = YES;
				SWIFT_APPROACHABLE_CONCURRENCY = YES;
				SWIFT_EMIT_LOC_STRINGS = YES;
				SWIFT_UPCOMING_FEATURE_MEMBER_IMPORT_VISIBILITY = YES;
				SWIFT_VERSION = 5.0;
				TARGETED_DEVICE_FAMILY = "1,2";
			};
			name = Release;
		};
		CBB135A32EAB27CE00D41E86 /* Debug */ = {
			isa = XCBuildConfiguration;
			buildSettings = {
				ALWAYS_SEARCH_USER_PATHS = NO;
				ASSETCATALOG_COMPILER_GENERATE_SWIFT_ASSET_SYMBOL_EXTENSIONS = YES;
				CLANG_ANALYZER_LOCALIZABILITY_NONLOCALIZED = YES;
				CLANG_ANALYZER_NONNULL = YES;
				CLANG_ANALYZER_NUMBER_OBJECT_CONVERSION = YES_AGGRESSIVE;
				CLANG_CXX_LANGUAGE_STANDARD = "gnu++20";
				CLANG_ENABLE_MODULES = YES;
				CLANG_ENABLE_OBJC_ARC = YES;
				CLANG_ENABLE_OBJC_WEAK = YES;
				CLANG_WARN_BLOCK_CAPTURE_AUTORELEASING = YES;
				CLANG_WARN_BOOL_CONVERSION = YES;
				CLANG_WARN_COMMA = YES;
				CLANG_WARN_CONSTANT_CONVERSION = YES;
				CLANG_WARN_DEPRECATED_OBJC_IMPLEMENTATIONS = YES;
				CLANG_WARN_DIRECT_OBJC_ISA_USAGE = YES_ERROR;
				CLANG_WARN_DOCUMENTATION_COMMENTS = YES;
				CLANG_WARN_EMPTY_BODY = YES;
				CLANG_WARN_ENUM_CONVERSION = YES;
				CLANG_WARN_INFINITE_RECURSION = YES;
				CLANG_WARN_INT_CONVERSION = YES;
				CLANG_WARN_NON_LITERAL_NULL_CONVERSION = YES;
				CLANG_WARN_OBJC_IMPLICIT_RETAIN_SELF = YES;
				CLANG_WARN_OBJC_LITERAL_CONVERSION = YES;
				CLANG_WARN_OBJC_ROOT_CLASS = YES_ERROR;
				CLANG_WARN_QUOTED_INCLUDE_IN_FRAMEWORK_HEADER = YES;
				CLANG_WARN_RANGE_LOOP_ANALYSIS = YES;
				CLANG_WARN_STRICT_PROTOTYPES = YES;
				CLANG_WARN_SUSPICIOUS_MOVE = YES;
				CLANG_WARN_UNGUARDED_AVAILABILITY = YES_AGGRESSIVE;
				CLANG_WARN_UNREACHABLE_CODE = YES;
				CLANG_WARN__DUPLICATE_METHOD_MATCH = YES;
				COPY_PHASE_STRIP = NO;
				DEBUG_INFORMATION_FORMAT = dwarf;
				ENABLE_STRICT_OBJC_MSGSEND = YES;
				ENABLE_TESTABILITY = YES;
				ENABLE_USER_SCRIPT_SANDBOXING = YES;
				GCC_C_LANGUAGE_STANDARD = gnu17;
				GCC_DYNAMIC_NO_PIC = NO;
				GCC_NO_COMMON_BLOCKS = YES;
				GCC_OPTIMIZATION_LEVEL = 0;
				GCC_PREPROCESSOR_DEFINITIONS = (
					"DEBUG=1",
					"$(inherited)",
				);
				GCC_WARN_64_TO_32_BIT_CONVERSION = YES;
				GCC_WARN_ABOUT_RETURN_TYPE = YES_ERROR;
				GCC_WARN_UNDECLARED_SELECTOR = YES;
				GCC_WARN_UNINITIALIZED_AUTOS = YES_AGGRESSIVE;
				GCC_WARN_UNUSED_FUNCTION = YES;
				GCC_WARN_UNUSED_VARIABLE = YES;
				IPHONEOS_DEPLOYMENT_TARGET = 26.0;
				LOCALIZATION_PREFERS_STRING_CATALOGS = YES;
				MTL_ENABLE_DEBUG_INFO = INCLUDE_SOURCE;
				MTL_FAST_MATH = YES;
				ONLY_ACTIVE_ARCH = YES;
				SDKROOT = iphoneos;
				STRING_CATALOG_GENERATE_SYMBOLS = YES;
				SWIFT_ACTIVE_COMPILATION_CONDITIONS = "DEBUG $(inherited)";
				SWIFT_OPTIMIZATION_LEVEL = "-Onone";
			};
			name = Debug;
		};
		CBB135A42EAB27CE00D41E86 /* Release */ = {
			isa = XCBuildConfiguration;
			buildSettings = {
				ALWAYS_SEARCH_USER_PATHS = NO;
				ASSETCATALOG_COMPILER_GENERATE_SWIFT_ASSET_SYMBOL_EXTENSIONS = YES;
				CLANG_ANALYZER_LOCALIZABILITY_NONLOCALIZED = YES;
				CLANG_ANALYZER_NONNULL = YES;
				CLANG_ANALYZER_NUMBER_OBJECT_CONVERSION = YES_AGGRESSIVE;
				CLANG_CXX_LANGUAGE_STANDARD = "gnu++20";
				CLANG_ENABLE_MODULES = YES;
				CLANG_ENABLE_OBJC_ARC = YES;
				CLANG_ENABLE_OBJC_WEAK = YES;
				CLANG_WARN_BLOCK_CAPTURE_AUTORELEASING = YES;
				CLANG_WARN_BOOL_CONVERSION = YES;
				CLANG_WARN_COMMA = YES;
				CLANG_WARN_CONSTANT_CONVERSION = YES;
				CLANG_WARN_DEPRECATED_OBJC_IMPLEMENTATIONS = YES;
				CLANG_WARN_DIRECT_OBJC_ISA_USAGE = YES_ERROR;
				CLANG_WARN_DOCUMENTATION_COMMENTS = YES;
				CLANG_WARN_EMPTY_BODY = YES;
				CLANG_WARN_ENUM_CONVERSION = YES;
				CLANG_WARN_INFINITE_RECURSION = YES;
				CLANG_WARN_INT_CONVERSION = YES;
				CLANG_WARN_NON_LITERAL_NULL_CONVERSION = YES;
				CLANG_WARN_OBJC_IMPLICIT_RETAIN_SELF = YES;
				CLANG_WARN_OBJC_LITERAL_CONVERSION = YES;
				CLANG_WARN_OBJC_ROOT_CLASS = YES_ERROR;
				CLANG_WARN_QUOTED_INCLUDE_IN_FRAMEWORK_HEADER = YES;
				CLANG_WARN_RANGE_LOOP_ANALYSIS = YES;
				CLANG_WARN_STRICT_PROTOTYPES = YES;
				CLANG_WARN_SUSPICIOUS_MOVE = YES;
				CLANG_WARN_UNGUARDED_AVAILABILITY = YES_AGGRESSIVE;
				CLANG_WARN_UNREACHABLE_CODE = YES;
				CLANG_WARN__DUPLICATE_METHOD_MATCH = YES;
				COPY_PHASE_STRIP = NO;
				DEBUG_INFORMATION_FORMAT = "dwarf-with-dsym";
				ENABLE_NS_ASSERTIONS = NO;
				ENABLE_STRICT_OBJC_MSGSEND = YES;
				ENABLE_USER_SCRIPT_SANDBOXING = YES;
				GCC_C_LANGUAGE_STANDARD = gnu17;
				GCC_NO_COMMON_BLOCKS = YES;
				GCC_WARN_64_TO_32_BIT_CONVERSION = YES;
				GCC_WARN_ABOUT_RETURN_TYPE = YES_ERROR;
				GCC_WARN_UNDECLARED_SELECTOR = YES;
				GCC_WARN_UNINITIALIZED_AUTOS = YES_AGGRESSIVE;
				GCC_WARN_UNUSED_FUNCTION = YES;
				GCC_WARN_UNUSED_VARIABLE = YES;
				IPHONEOS_DEPLOYMENT_TARGET = 26.0;
				LOCALIZATION_PREFERS_STRING_CATALOGS = YES;
				MTL_ENABLE_DEBUG_INFO = NO;
				MTL_FAST_MATH = YES;
				SDKROOT = iphoneos;
				STRING_CATALOG_GENERATE_SYMBOLS = YES;
				SWIFT_COMPILATION_MODE = wholemodule;
				VALIDATE_PRODUCT = YES;
			};
			name = Release;
		};
		CBB135A62EAB27CE00D41E86 /* Debug */ = {
			isa = XCBuildConfiguration;
			buildSettings = {
				ASSETCATALOG_COMPILER_APPICON_NAME = AppIcon;
				ASSETCATALOG_COMPILER_GLOBAL_ACCENT_COLOR_NAME = AccentColor;
				CODE_SIGN_ENTITLEMENTS = "Astrid App/Astrid App.entitlements";
				CODE_SIGN_STYLE = Automatic;
				CURRENT_PROJECT_VERSION = 51;
				DEVELOPMENT_TEAM = 34K3P7PD2W;
				ENABLE_PREVIEWS = YES;
				GENERATE_INFOPLIST_FILE = NO;
				INFOPLIST_FILE = Info.plist;
				IPHONEOS_DEPLOYMENT_TARGET = 18.6;
				LD_RUNPATH_SEARCH_PATHS = (
					"$(inherited)",
					"@executable_path/Frameworks",
				);
				MARKETING_VERSION = 1.3.0;
				PRODUCT_BUNDLE_IDENTIFIER = "Graceful-Tools-Inc.Astrid-App";
				PRODUCT_NAME = "$(TARGET_NAME)";
				STRING_CATALOG_GENERATE_SYMBOLS = YES;
				SWIFT_APPROACHABLE_CONCURRENCY = YES;
				SWIFT_DEFAULT_ACTOR_ISOLATION = MainActor;
				SWIFT_EMIT_LOC_STRINGS = YES;
				SWIFT_UPCOMING_FEATURE_MEMBER_IMPORT_VISIBILITY = YES;
				SWIFT_VERSION = 5.0;
				TARGETED_DEVICE_FAMILY = "1,2";
			};
			name = Debug;
		};
		CBB135A72EAB27CE00D41E86 /* Release */ = {
			isa = XCBuildConfiguration;
			buildSettings = {
				ASSETCATALOG_COMPILER_APPICON_NAME = AppIcon;
				ASSETCATALOG_COMPILER_GLOBAL_ACCENT_COLOR_NAME = AccentColor;
				CODE_SIGN_ENTITLEMENTS = "Astrid App/Astrid App.entitlements";
				CODE_SIGN_STYLE = Automatic;
				CURRENT_PROJECT_VERSION = 51;
				DEVELOPMENT_TEAM = 34K3P7PD2W;
				ENABLE_PREVIEWS = YES;
				GENERATE_INFOPLIST_FILE = NO;
				INFOPLIST_FILE = Info.plist;
				IPHONEOS_DEPLOYMENT_TARGET = 18.6;
				LD_RUNPATH_SEARCH_PATHS = (
					"$(inherited)",
					"@executable_path/Frameworks",
				);
				MARKETING_VERSION = 1.3.0;
				PRODUCT_BUNDLE_IDENTIFIER = "Graceful-Tools-Inc.Astrid-App";
				PRODUCT_NAME = "$(TARGET_NAME)";
				STRING_CATALOG_GENERATE_SYMBOLS = YES;
				SWIFT_APPROACHABLE_CONCURRENCY = YES;
				SWIFT_DEFAULT_ACTOR_ISOLATION = MainActor;
				SWIFT_EMIT_LOC_STRINGS = YES;
				SWIFT_UPCOMING_FEATURE_MEMBER_IMPORT_VISIBILITY = YES;
				SWIFT_VERSION = 5.0;
				TARGETED_DEVICE_FAMILY = "1,2";
			};
			name = Release;
		};
		CBB135A92EAB27CE00D41E86 /* Debug */ = {
			isa = XCBuildConfiguration;
			buildSettings = {
				BUNDLE_LOADER = "$(TEST_HOST)";
				CODE_SIGN_STYLE = Automatic;
				CURRENT_PROJECT_VERSION = 51;
				GENERATE_INFOPLIST_FILE = YES;
				IPHONEOS_DEPLOYMENT_TARGET = 26.0;
				MARKETING_VERSION = 1.3.0;
				PRODUCT_BUNDLE_IDENTIFIER = "Graceful-Tools-Inc.Astrid-AppTests";
				PRODUCT_NAME = "$(TARGET_NAME)";
				STRING_CATALOG_GENERATE_SYMBOLS = NO;
				SWIFT_APPROACHABLE_CONCURRENCY = YES;
				SWIFT_EMIT_LOC_STRINGS = NO;
				SWIFT_UPCOMING_FEATURE_MEMBER_IMPORT_VISIBILITY = YES;
				SWIFT_VERSION = 5.0;
				TARGETED_DEVICE_FAMILY = "1,2";
				TEST_HOST = "$(BUILT_PRODUCTS_DIR)/Astrid App.app/$(BUNDLE_EXECUTABLE_FOLDER_PATH)/Astrid App";
			};
			name = Debug;
		};
		CBB135AA2EAB27CE00D41E86 /* Release */ = {
			isa = XCBuildConfiguration;
			buildSettings = {
				BUNDLE_LOADER = "$(TEST_HOST)";
				"CODE_SIGN_IDENTITY[sdk=macosx*]" = "-";
				CODE_SIGN_STYLE = Automatic;
				CURRENT_PROJECT_VERSION = 51;
				DEVELOPMENT_TEAM = 34K3P7PD2W;
				GENERATE_INFOPLIST_FILE = YES;
				IPHONEOS_DEPLOYMENT_TARGET = 26.0;
				MARKETING_VERSION = 1.3.0;
				PRODUCT_BUNDLE_IDENTIFIER = "Graceful-Tools-Inc.Astrid-AppTests";
				PRODUCT_NAME = "$(TARGET_NAME)";
				STRING_CATALOG_GENERATE_SYMBOLS = NO;
				SWIFT_APPROACHABLE_CONCURRENCY = YES;
				SWIFT_EMIT_LOC_STRINGS = NO;
				SWIFT_UPCOMING_FEATURE_MEMBER_IMPORT_VISIBILITY = YES;
				SWIFT_VERSION = 5.0;
				TARGETED_DEVICE_FAMILY = "1,2";
				TEST_HOST = "$(BUILT_PRODUCTS_DIR)/Astrid App.app/$(BUNDLE_EXECUTABLE_FOLDER_PATH)/Astrid App";
			};
			name = Release;
		};
		CBB135AC2EAB27CE00D41E86 /* Debug */ = {
			isa = XCBuildConfiguration;
			buildSettings = {
				CODE_SIGN_STYLE = Automatic;
				CURRENT_PROJECT_VERSION = 51;
				DEVELOPMENT_TEAM = 34K3P7PD2W;
				GENERATE_INFOPLIST_FILE = YES;
				MARKETING_VERSION = 1.3.0;
				PRODUCT_BUNDLE_IDENTIFIER = "Graceful-Tools-Inc.Astrid-AppUITests";
				PRODUCT_NAME = "$(TARGET_NAME)";
				STRING_CATALOG_GENERATE_SYMBOLS = NO;
				SWIFT_APPROACHABLE_CONCURRENCY = YES;
				SWIFT_EMIT_LOC_STRINGS = NO;
				SWIFT_UPCOMING_FEATURE_MEMBER_IMPORT_VISIBILITY = YES;
				SWIFT_VERSION = 5.0;
				TARGETED_DEVICE_FAMILY = "1,2";
				TEST_TARGET_NAME = "Astrid App";
			};
			name = Debug;
		};
		CBB135AD2EAB27CE00D41E86 /* Release */ = {
			isa = XCBuildConfiguration;
			buildSettings = {
				CODE_SIGN_STYLE = Automatic;
				CURRENT_PROJECT_VERSION = 51;
				DEVELOPMENT_TEAM = 34K3P7PD2W;
				GENERATE_INFOPLIST_FILE = YES;
				MARKETING_VERSION = 1.3.0;
				PRODUCT_BUNDLE_IDENTIFIER = "Graceful-Tools-Inc.Astrid-AppUITests";
				PRODUCT_NAME = "$(TARGET_NAME)";
				STRING_CATALOG_GENERATE_SYMBOLS = NO;
				SWIFT_APPROACHABLE_CONCURRENCY = YES;
				SWIFT_EMIT_LOC_STRINGS = NO;
				SWIFT_UPCOMING_FEATURE_MEMBER_IMPORT_VISIBILITY = YES;
				SWIFT_VERSION = 5.0;
				TARGETED_DEVICE_FAMILY = "1,2";
				TEST_TARGET_NAME = "Astrid App";
			};
			name = Release;
		};
/* End XCBuildConfiguration section */

/* Begin XCConfigurationList section */
		CB5DE3952EBDCC160056928E /* Build configuration list for PBXNativeTarget "Astrid" */ = {
			isa = XCConfigurationList;
			buildConfigurations = (
				CB5DE3962EBDCC160056928E /* Debug */,
				CB5DE3972EBDCC160056928E /* Release */,
			);
			defaultConfigurationIsVisible = 0;
			defaultConfigurationName = Release;
		};
		CBB1357F2EAB27CD00D41E86 /* Build configuration list for PBXProject "Astrid App" */ = {
			isa = XCConfigurationList;
			buildConfigurations = (
				CBB135A32EAB27CE00D41E86 /* Debug */,
				CBB135A42EAB27CE00D41E86 /* Release */,
			);
			defaultConfigurationIsVisible = 0;
			defaultConfigurationName = Release;
		};
		CBB135A52EAB27CE00D41E86 /* Build configuration list for PBXNativeTarget "Astrid App" */ = {
			isa = XCConfigurationList;
			buildConfigurations = (
				CBB135A62EAB27CE00D41E86 /* Debug */,
				CBB135A72EAB27CE00D41E86 /* Release */,
			);
			defaultConfigurationIsVisible = 0;
			defaultConfigurationName = Release;
		};
		CBB135A82EAB27CE00D41E86 /* Build configuration list for PBXNativeTarget "Astrid AppTests" */ = {
			isa = XCConfigurationList;
			buildConfigurations = (
				CBB135A92EAB27CE00D41E86 /* Debug */,
				CBB135AA2EAB27CE00D41E86 /* Release */,
			);
			defaultConfigurationIsVisible = 0;
			defaultConfigurationName = Release;
		};
		CBB135AB2EAB27CE00D41E86 /* Build configuration list for PBXNativeTarget "Astrid AppUITests" */ = {
			isa = XCConfigurationList;
			buildConfigurations = (
				CBB135AC2EAB27CE00D41E86 /* Debug */,
				CBB135AD2EAB27CE00D41E86 /* Release */,
			);
			defaultConfigurationIsVisible = 0;
			defaultConfigurationName = Release;
		};
/* End XCConfigurationList section */

/* Begin XCRemoteSwiftPackageReference section */
		CB8D79EE2EE5D10D008AD96F /* XCRemoteSwiftPackageReference "posthog-ios" */ = {
			isa = XCRemoteSwiftPackageReference;
			repositoryURL = "https://github.com/PostHog/posthog-ios";
			requirement = {
				kind = upToNextMajorVersion;
				minimumVersion = 3.35.1;
			};
		};
/* End XCRemoteSwiftPackageReference section */

/* Begin XCSwiftPackageProductDependency section */
		CB8D79EF2EE5D10D008AD96F /* PostHog */ = {
			isa = XCSwiftPackageProductDependency;
			package = CB8D79EE2EE5D10D008AD96F /* XCRemoteSwiftPackageReference "posthog-ios" */;
			productName = PostHog;
		};
/* End XCSwiftPackageProductDependency section */

/* Begin XCVersionGroup section */
		234F2E7A9036495089832F1E /* AstridApp.xcdatamodeld */ = {
			isa = XCVersionGroup;
			children = (
				283B1791C98D43E490D42903 /* AstridApp.xcdatamodel */,
			);
			currentVersion = 283B1791C98D43E490D42903 /* AstridApp.xcdatamodel */;
			path = AstridApp.xcdatamodeld;
			sourceTree = SOURCE_ROOT;
			versionGroupType = wrapper.xcdatamodel;
		};
/* End XCVersionGroup section */
	};
	rootObject = CBB1357C2EAB27CD00D41E86 /* Project object */;
}
